
Microsoft Visual Studio Solution File, Format Version 12.00
# Visual Studio Version 16
VisualStudioVersion = 16.0.29519.87
MinimumVisualStudioVersion = 10.0.40219.1
Project("{8BC9CEB8-8B4A-11D0-8D11-00A0C91BC942}") = "ParticleEmitter", "ParticleEmitter\ParticleEmitter.vcxproj", "{C68FD6C4-7F2C-4184-80B7-A97DCA979B77}"
EndProject
Global
	GlobalSection(SolutionConfigurationPlatforms) = preSolution
		Debug|x64 = Debug|x64
		Debug|x86 = Debug|x86
		Release|x64 = Release|x64
		Release|x86 = Release|x86
	EndGlobalSection
	GlobalSection(ProjectConfigurationPlatforms) = postSolution
		{C68FD6C4-7F2C-4184-80B7-A97DCA979B77}.Debug|x64.ActiveCfg = Debug|x64
		{C68FD6C4-7F2C-4184-80B7-A97DCA979B77}.Debug|x64.Build.0 = Debug|x64
		{C68FD6C4-7F2C-4184-80B7-A97DCA979B77}.Debug|x86.ActiveCfg = Debug|Win32
		{C68FD6C4-7F2C-4184-80B7-A97DCA979B77}.Debug|x86.Build.0 = Debug|Win32
		{C68FD6C4-7F2C-4184-80B7-A97DCA979B77}.Release|x64.ActiveCfg = Release|x64
		{C68FD6C4-7F2C-4184-80B7-A97DCA979B77}.Release|x64.Build.0 = Release|x64
		{C68FD6C4-7F2C-4184-80B7-A97DCA979B77}.Release|x86.ActiveCfg = Release|Win32
		{C68FD6C4-7F2C-4184-80B7-A97DCA979B77}.Release|x86.Build.0 = Release|Win32
	EndGlobalSection
	GlobalSection(SolutionProperties) = preSolution
		HideSolutionNode = FALSE
	EndGlobalSection
	GlobalSection(ExtensibilityGlobals) = postSolution
		SolutionGuid = {52945A6B-BCAD-4CAB-BC43-633CB838C5BA}
	EndGlobalSection
EndGlobal
